
Microsoft Visual Studio Solution File, Format Version 12.00
# Visual Studio Version 17
VisualStudioVersion = 17.8.34322.80
MinimumVisualStudioVersion = 10.0.40219.1
Project("{FAE04EC0-301F-11D3-BF4B-00C04F79EFBC}") = "ColorbitDesktop", "ColorbitDesktop.csproj", "{73105F08-680B-40C3-B7CF-3421B7F2CB2A}"
EndProject
Global
	GlobalSection(SolutionConfigurationPlatforms) = preSolution
		Debug|Any CPU = Debug|Any CPU
		Release|Any CPU = Release|Any CPU
	EndGlobalSection
	GlobalSection(ProjectConfigurationPlatforms) = postSolution
		{73105F08-680B-40C3-B7CF-3421B7F2CB2A}.Debug|Any CPU.ActiveCfg = Debug|Any CPU
		{73105F08-680B-40C3-B7CF-3421B7F2CB2A}.Debug|Any CPU.Build.0 = Debug|Any CPU
		{73105F08-680B-40C3-B7CF-3421B7F2CB2A}.Release|Any CPU.ActiveCfg = Release|Any CPU
		{73105F08-680B-40C3-B7CF-3421B7F2CB2A}.Release|Any CPU.Build.0 = Release|Any CPU
	EndGlobalSection
	GlobalSection(SolutionProperties) = preSolution
		HideSolutionNode = FALSE
	EndGlobalSection
	GlobalSection(ExtensibilityGlobals) = postSolution
		SolutionGuid = {173E58C7-157D-4CD5-B0E5-BA40C089486A}
	EndGlobalSection
EndGlobal
